
Microsoft Visual Studio Solution File, Format Version 10.00
# Visual Studio 2008
Project("{8BC9CEB8-8B4A-11D0-8D11-00A0C91BC942}") = "航带法解析空中三角测量", "航带法解析空中三角测量\航带法解析空中三角测量.vcproj", "{28B60A10-9D7D-439D-8FE5-C4BB6704D471}"
EndProject
Global
	GlobalSection(SolutionConfigurationPlatforms) = preSolution
		Debug|Win32 = Debug|Win32
		Release|Win32 = Release|Win32
	EndGlobalSection
	GlobalSection(ProjectConfigurationPlatforms) = postSolution
		{28B60A10-9D7D-439D-8FE5-C4BB6704D471}.Debug|Win32.ActiveCfg = Debug|Win32
		{28B60A10-9D7D-439D-8FE5-C4BB6704D471}.Debug|Win32.Build.0 = Debug|Win32
		{28B60A10-9D7D-439D-8FE5-C4BB6704D471}.Release|Win32.ActiveCfg = Release|Win32
		{28B60A10-9D7D-439D-8FE5-C4BB6704D471}.Release|Win32.Build.0 = Release|Win32
	EndGlobalSection
	GlobalSection(SolutionProperties) = preSolution
		HideSolutionNode = FALSE
	EndGlobalSection
EndGlobal
